
Microsoft Visual Studio Solution File, Format Version 12.00
# Visual Studio Version 16
VisualStudioVersion = 16.0.31005.135
MinimumVisualStudioVersion = 15.0.26124.0
Project("{2150E333-8FDC-42A3-9474-1A3956D46DE8}") = "src", "src", "{82299EF6-264E-4737-90E9-ECAAD6438E66}"
EndProject
Project("{9A19103F-16F7-4668-BE54-9A1E7A4F7556}") = "IdentityServer", "src\IdentityServer\IdentityServer.csproj", "{6751E50D-59E9-48EC-A6D0-4C251F53389D}"
EndProject
Project("{2150E333-8FDC-42A3-9474-1A3956D46DE8}") = "1_UI", "1_UI", "{0BF6B0B6-6C45-4C0E-A7D4-F21E6C4C4187}"
EndProject
Project("{2150E333-8FDC-42A3-9474-1A3956D46DE8}") = "2_Repository", "2_Repository", "{A3408888-3A5F-4338-AF1C-B6B0C019F438}"
EndProject
Project("{2150E333-8FDC-42A3-9474-1A3956D46DE8}") = "3_Entities", "3_Entities", "{45824196-510B-456F-93B9-BA6D51C235BF}"
EndProject
Project("{2150E333-8FDC-42A3-9474-1A3956D46DE8}") = "4_Date", "4_Date", "{5B250BCC-7D30-441B-A396-081B1471C11B}"
EndProject
Project("{2150E333-8FDC-42A3-9474-1A3956D46DE8}") = "5_Infrastructure", "5_Infrastructure", "{3B4195BA-95CD-4641-89F4-36E022CECBF6}"
EndProject
Project("{2150E333-8FDC-42A3-9474-1A3956D46DE8}") = "6_Test", "6_Test", "{022BC006-235B-4357-AFF5-32340CD6CF90}"
EndProject
Project("{9A19103F-16F7-4668-BE54-9A1E7A4F7556}") = "Homework.Api", "src\Homework.Api\Homework.Api.csproj", "{22112E14-586A-4D5C-B8E2-2F0B420218A5}"
EndProject
Project("{9A19103F-16F7-4668-BE54-9A1E7A4F7556}") = "Homework.Test", "src\Homework.Test\Homework.Test.csproj", "{8AEDE664-6510-4442-989F-49D107103DA9}"
EndProject
Project("{9A19103F-16F7-4668-BE54-9A1E7A4F7556}") = "Homework.IRepository", "src\Homework.IRepository\Homework.IRepository.csproj", "{937C3B5D-035F-4180-9ECA-4BE58866829F}"
EndProject
Project("{9A19103F-16F7-4668-BE54-9A1E7A4F7556}") = "Homework.Repository", "src\Homework.Repository\Homework.Repository.csproj", "{46789832-F799-481D-BBFD-247D6E847E10}"
EndProject
Project("{9A19103F-16F7-4668-BE54-9A1E7A4F7556}") = "Homework.DB.Entities", "src\Homework.DB.Entities\Homework.DB.Entities.csproj", "{51D38152-2780-423D-8D5F-246709897254}"
EndProject
Project("{9A19103F-16F7-4668-BE54-9A1E7A4F7556}") = "Homework.View.Entities", "src\Homework.View.Entities\Homework.View.Entities.csproj", "{614DCA6C-63BD-4F77-A3EF-05C5D701D701}"
EndProject
Project("{9A19103F-16F7-4668-BE54-9A1E7A4F7556}") = "Homework.Data", "src\Homework.Data\Homework.Data.csproj", "{B5261638-97E4-4ADE-BF01-73140B887CEB}"
EndProject
Project("{FAE04EC0-301F-11D3-BF4B-00C04F79EFBC}") = "Homework.Core", "src\Homework.Core\Homework.Core.csproj", "{DB21D82A-FC5E-4850-9345-6062A6F8D8C1}"
EndProject
Global
	GlobalSection(SolutionConfigurationPlatforms) = preSolution
		Debug|Any CPU = Debug|Any CPU
		Debug|x64 = Debug|x64
		Debug|x86 = Debug|x86
		Release|Any CPU = Release|Any CPU
		Release|x64 = Release|x64
		Release|x86 = Release|x86
	EndGlobalSection
	GlobalSection(ProjectConfigurationPlatforms) = postSolution
		{6751E50D-59E9-48EC-A6D0-4C251F53389D}.Debug|Any CPU.ActiveCfg = Debug|Any CPU
		{6751E50D-59E9-48EC-A6D0-4C251F53389D}.Debug|Any CPU.Build.0 = Debug|Any CPU
		{6751E50D-59E9-48EC-A6D0-4C251F53389D}.Debug|x64.ActiveCfg = Debug|Any CPU
		{6751E50D-59E9-48EC-A6D0-4C251F53389D}.Debug|x64.Build.0 = Debug|Any CPU
		{6751E50D-59E9-48EC-A6D0-4C251F53389D}.Debug|x86.ActiveCfg = Debug|Any CPU
		{6751E50D-59E9-48EC-A6D0-4C251F53389D}.Debug|x86.Build.0 = Debug|Any CPU
		{6751E50D-59E9-48EC-A6D0-4C251F53389D}.Release|Any CPU.ActiveCfg = Release|Any CPU
		{6751E50D-59E9-48EC-A6D0-4C251F53389D}.Release|Any CPU.Build.0 = Release|Any CPU
		{6751E50D-59E9-48EC-A6D0-4C251F53389D}.Release|x64.ActiveCfg = Release|Any CPU
		{6751E50D-59E9-48EC-A6D0-4C251F53389D}.Release|x64.Build.0 = Release|Any CPU
		{6751E50D-59E9-48EC-A6D0-4C251F53389D}.Release|x86.ActiveCfg = Release|Any CPU
		{6751E50D-59E9-48EC-A6D0-4C251F53389D}.Release|x86.Build.0 = Release|Any CPU
		{22112E14-586A-4D5C-B8E2-2F0B420218A5}.Debug|Any CPU.ActiveCfg = Debug|Any CPU
		{22112E14-586A-4D5C-B8E2-2F0B420218A5}.Debug|Any CPU.Build.0 = Debug|Any CPU
		{22112E14-586A-4D5C-B8E2-2F0B420218A5}.Debug|x64.ActiveCfg = Debug|Any CPU
		{22112E14-586A-4D5C-B8E2-2F0B420218A5}.Debug|x64.Build.0 = Debug|Any CPU
		{22112E14-586A-4D5C-B8E2-2F0B420218A5}.Debug|x86.ActiveCfg = Debug|Any CPU
		{22112E14-586A-4D5C-B8E2-2F0B420218A5}.Debug|x86.Build.0 = Debug|Any CPU
		{22112E14-586A-4D5C-B8E2-2F0B420218A5}.Release|Any CPU.ActiveCfg = Release|Any CPU
		{22112E14-586A-4D5C-B8E2-2F0B420218A5}.Release|Any CPU.Build.0 = Release|Any CPU
		{22112E14-586A-4D5C-B8E2-2F0B420218A5}.Release|x64.ActiveCfg = Release|Any CPU
		{22112E14-586A-4D5C-B8E2-2F0B420218A5}.Release|x64.Build.0 = Release|Any CPU
		{22112E14-586A-4D5C-B8E2-2F0B420218A5}.Release|x86.ActiveCfg = Release|Any CPU
		{22112E14-586A-4D5C-B8E2-2F0B420218A5}.Release|x86.Build.0 = Release|Any CPU
		{8AEDE664-6510-4442-989F-49D107103DA9}.Debug|Any CPU.ActiveCfg = Debug|Any CPU
		{8AEDE664-6510-4442-989F-49D107103DA9}.Debug|Any CPU.Build.0 = Debug|Any CPU
		{8AEDE664-6510-4442-989F-49D107103DA9}.Debug|x64.ActiveCfg = Debug|Any CPU
		{8AEDE664-6510-4442-989F-49D107103DA9}.Debug|x64.Build.0 = Debug|Any CPU
		{8AEDE664-6510-4442-989F-49D107103DA9}.Debug|x86.ActiveCfg = Debug|Any CPU
		{8AEDE664-6510-4442-989F-49D107103DA9}.Debug|x86.Build.0 = Debug|Any CPU
		{8AEDE664-6510-4442-989F-49D107103DA9}.Release|Any CPU.ActiveCfg = Release|Any CPU
		{8AEDE664-6510-4442-989F-49D107103DA9}.Release|Any CPU.Build.0 = Release|Any CPU
		{8AEDE664-6510-4442-989F-49D107103DA9}.Release|x64.ActiveCfg = Release|Any CPU
		{8AEDE664-6510-4442-989F-49D107103DA9}.Release|x64.Build.0 = Release|Any CPU
		{8AEDE664-6510-4442-989F-49D107103DA9}.Release|x86.ActiveCfg = Release|Any CPU
		{8AEDE664-6510-4442-989F-49D107103DA9}.Release|x86.Build.0 = Release|Any CPU
		{937C3B5D-035F-4180-9ECA-4BE58866829F}.Debug|Any CPU.ActiveCfg = Debug|Any CPU
		{937C3B5D-035F-4180-9ECA-4BE58866829F}.Debug|Any CPU.Build.0 = Debug|Any CPU
		{937C3B5D-035F-4180-9ECA-4BE58866829F}.Debug|x64.ActiveCfg = Debug|Any CPU
		{937C3B5D-035F-4180-9ECA-4BE58866829F}.Debug|x64.Build.0 = Debug|Any CPU
		{937C3B5D-035F-4180-9ECA-4BE58866829F}.Debug|x86.ActiveCfg = Debug|Any CPU
		{937C3B5D-035F-4180-9ECA-4BE58866829F}.Debug|x86.Build.0 = Debug|Any CPU
		{937C3B5D-035F-4180-9ECA-4BE58866829F}.Release|Any CPU.ActiveCfg = Release|Any CPU
		{937C3B5D-035F-4180-9ECA-4BE58866829F}.Release|Any CPU.Build.0 = Release|Any CPU
		{937C3B5D-035F-4180-9ECA-4BE58866829F}.Release|x64.ActiveCfg = Release|Any CPU
		{937C3B5D-035F-4180-9ECA-4BE58866829F}.Release|x64.Build.0 = Release|Any CPU
		{937C3B5D-035F-4180-9ECA-4BE58866829F}.Release|x86.ActiveCfg = Release|Any CPU
		{937C3B5D-035F-4180-9ECA-4BE58866829F}.Release|x86.Build.0 = Release|Any CPU
		{46789832-F799-481D-BBFD-247D6E847E10}.Debug|Any CPU.ActiveCfg = Debug|Any CPU
		{46789832-F799-481D-BBFD-247D6E847E10}.Debug|Any CPU.Build.0 = Debug|Any CPU
		{46789832-F799-481D-BBFD-247D6E847E10}.Debug|x64.ActiveCfg = Debug|Any CPU
		{46789832-F799-481D-BBFD-247D6E847E10}.Debug|x64.Build.0 = Debug|Any CPU
		{46789832-F799-481D-BBFD-247D6E847E10}.Debug|x86.ActiveCfg = Debug|Any CPU
		{46789832-F799-481D-BBFD-247D6E847E10}.Debug|x86.Build.0 = Debug|Any CPU
		{46789832-F799-481D-BBFD-247D6E847E10}.Release|Any CPU.ActiveCfg = Release|Any CPU
		{46789832-F799-481D-BBFD-247D6E847E10}.Release|Any CPU.Build.0 = Release|Any CPU
		{46789832-F799-481D-BBFD-247D6E847E10}.Release|x64.ActiveCfg = Release|Any CPU
		{46789832-F799-481D-BBFD-247D6E847E10}.Release|x64.Build.0 = Release|Any CPU
		{46789832-F799-481D-BBFD-247D6E847E10}.Release|x86.ActiveCfg = Release|Any CPU
		{46789832-F799-481D-BBFD-247D6E847E10}.Release|x86.Build.0 = Release|Any CPU
		{51D38152-2780-423D-8D5F-246709897254}.Debug|Any CPU.ActiveCfg = Debug|Any CPU
		{51D38152-2780-423D-8D5F-246709897254}.Debug|Any CPU.Build.0 = Debug|Any CPU
		{51D38152-2780-423D-8D5F-246709897254}.Debug|x64.ActiveCfg = Debug|Any CPU
		{51D38152-2780-423D-8D5F-246709897254}.Debug|x64.Build.0 = Debug|Any CPU
		{51D38152-2780-423D-8D5F-246709897254}.Debug|x86.ActiveCfg = Debug|Any CPU
		{51D38152-2780-423D-8D5F-246709897254}.Debug|x86.Build.0 = Debug|Any CPU
		{51D38152-2780-423D-8D5F-246709897254}.Release|Any CPU.ActiveCfg = Release|Any CPU
		{51D38152-2780-423D-8D5F-246709897254}.Release|Any CPU.Build.0 = Release|Any CPU
		{51D38152-2780-423D-8D5F-246709897254}.Release|x64.ActiveCfg = Release|Any CPU
		{51D38152-2780-423D-8D5F-246709897254}.Release|x64.Build.0 = Release|Any CPU
		{51D38152-2780-423D-8D5F-246709897254}.Release|x86.ActiveCfg = Release|Any CPU
		{51D38152-2780-423D-8D5F-246709897254}.Release|x86.Build.0 = Release|Any CPU
		{614DCA6C-63BD-4F77-A3EF-05C5D701D701}.Debug|Any CPU.ActiveCfg = Debug|Any CPU
		{614DCA6C-63BD-4F77-A3EF-05C5D701D701}.Debug|Any CPU.Build.0 = Debug|Any CPU
		{614DCA6C-63BD-4F77-A3EF-05C5D701D701}.Debug|x64.ActiveCfg = Debug|Any CPU
		{614DCA6C-63BD-4F77-A3EF-05C5D701D701}.Debug|x64.Build.0 = Debug|Any CPU
		{614DCA6C-63BD-4F77-A3EF-05C5D701D701}.Debug|x86.ActiveCfg = Debug|Any CPU
		{614DCA6C-63BD-4F77-A3EF-05C5D701D701}.Debug|x86.Build.0 = Debug|Any CPU
		{614DCA6C-63BD-4F77-A3EF-05C5D701D701}.Release|Any CPU.ActiveCfg = Release|Any CPU
		{614DCA6C-63BD-4F77-A3EF-05C5D701D701}.Release|Any CPU.Build.0 = Release|Any CPU
		{614DCA6C-63BD-4F77-A3EF-05C5D701D701}.Release|x64.ActiveCfg = Release|Any CPU
		{614DCA6C-63BD-4F77-A3EF-05C5D701D701}.Release|x64.Build.0 = Release|Any CPU
		{614DCA6C-63BD-4F77-A3EF-05C5D701D701}.Release|x86.ActiveCfg = Release|Any CPU
		{614DCA6C-63BD-4F77-A3EF-05C5D701D701}.Release|x86.Build.0 = Release|Any CPU
		{B5261638-97E4-4ADE-BF01-73140B887CEB}.Debug|Any CPU.ActiveCfg = Debug|Any CPU
		{B5261638-97E4-4ADE-BF01-73140B887CEB}.Debug|Any CPU.Build.0 = Debug|Any CPU
		{B5261638-97E4-4ADE-BF01-73140B887CEB}.Debug|x64.ActiveCfg = Debug|Any CPU
		{B5261638-97E4-4ADE-BF01-73140B887CEB}.Debug|x64.Build.0 = Debug|Any CPU
		{B5261638-97E4-4ADE-BF01-73140B887CEB}.Debug|x86.ActiveCfg = Debug|Any CPU
		{B5261638-97E4-4ADE-BF01-73140B887CEB}.Debug|x86.Build.0 = Debug|Any CPU
		{B5261638-97E4-4ADE-BF01-73140B887CEB}.Release|Any CPU.ActiveCfg = Release|Any CPU
		{B5261638-97E4-4ADE-BF01-73140B887CEB}.Release|Any CPU.Build.0 = Release|Any CPU
		{B5261638-97E4-4ADE-BF01-73140B887CEB}.Release|x64.ActiveCfg = Release|Any CPU
		{B5261638-97E4-4ADE-BF01-73140B887CEB}.Release|x64.Build.0 = Release|Any CPU
		{B5261638-97E4-4ADE-BF01-73140B887CEB}.Release|x86.ActiveCfg = Release|Any CPU
		{B5261638-97E4-4ADE-BF01-73140B887CEB}.Release|x86.Build.0 = Release|Any CPU
		{DB21D82A-FC5E-4850-9345-6062A6F8D8C1}.Debug|Any CPU.ActiveCfg = Debug|Any CPU
		{DB21D82A-FC5E-4850-9345-6062A6F8D8C1}.Debug|Any CPU.Build.0 = Debug|Any CPU
		{DB21D82A-FC5E-4850-9345-6062A6F8D8C1}.Debug|x64.ActiveCfg = Debug|Any CPU
		{DB21D82A-FC5E-4850-9345-6062A6F8D8C1}.Debug|x64.Build.0 = Debug|Any CPU
		{DB21D82A-FC5E-4850-9345-6062A6F8D8C1}.Debug|x86.ActiveCfg = Debug|Any CPU
		{DB21D82A-FC5E-4850-9345-6062A6F8D8C1}.Debug|x86.Build.0 = Debug|Any CPU
		{DB21D82A-FC5E-4850-9345-6062A6F8D8C1}.Release|Any CPU.ActiveCfg = Release|Any CPU
		{DB21D82A-FC5E-4850-9345-6062A6F8D8C1}.Release|Any CPU.Build.0 = Release|Any CPU
		{DB21D82A-FC5E-4850-9345-6062A6F8D8C1}.Release|x64.ActiveCfg = Release|Any CPU
		{DB21D82A-FC5E-4850-9345-6062A6F8D8C1}.Release|x64.Build.0 = Release|Any CPU
		{DB21D82A-FC5E-4850-9345-6062A6F8D8C1}.Release|x86.ActiveCfg = Release|Any CPU
		{DB21D82A-FC5E-4850-9345-6062A6F8D8C1}.Release|x86.Build.0 = Release|Any CPU
	EndGlobalSection
	GlobalSection(SolutionProperties) = preSolution
		HideSolutionNode = FALSE
	EndGlobalSection
	GlobalSection(NestedProjects) = preSolution
		{6751E50D-59E9-48EC-A6D0-4C251F53389D} = {82299EF6-264E-4737-90E9-ECAAD6438E66}
		{0BF6B0B6-6C45-4C0E-A7D4-F21E6C4C4187} = {82299EF6-264E-4737-90E9-ECAAD6438E66}
		{A3408888-3A5F-4338-AF1C-B6B0C019F438} = {82299EF6-264E-4737-90E9-ECAAD6438E66}
		{45824196-510B-456F-93B9-BA6D51C235BF} = {82299EF6-264E-4737-90E9-ECAAD6438E66}
		{5B250BCC-7D30-441B-A396-081B1471C11B} = {82299EF6-264E-4737-90E9-ECAAD6438E66}
		{3B4195BA-95CD-4641-89F4-36E022CECBF6} = {82299EF6-264E-4737-90E9-ECAAD6438E66}
		{022BC006-235B-4357-AFF5-32340CD6CF90} = {82299EF6-264E-4737-90E9-ECAAD6438E66}
		{22112E14-586A-4D5C-B8E2-2F0B420218A5} = {0BF6B0B6-6C45-4C0E-A7D4-F21E6C4C4187}
		{8AEDE664-6510-4442-989F-49D107103DA9} = {022BC006-235B-4357-AFF5-32340CD6CF90}
		{937C3B5D-035F-4180-9ECA-4BE58866829F} = {A3408888-3A5F-4338-AF1C-B6B0C019F438}
		{46789832-F799-481D-BBFD-247D6E847E10} = {A3408888-3A5F-4338-AF1C-B6B0C019F438}
		{51D38152-2780-423D-8D5F-246709897254} = {45824196-510B-456F-93B9-BA6D51C235BF}
		{614DCA6C-63BD-4F77-A3EF-05C5D701D701} = {45824196-510B-456F-93B9-BA6D51C235BF}
		{B5261638-97E4-4ADE-BF01-73140B887CEB} = {5B250BCC-7D30-441B-A396-081B1471C11B}
		{DB21D82A-FC5E-4850-9345-6062A6F8D8C1} = {3B4195BA-95CD-4641-89F4-36E022CECBF6}
	EndGlobalSection
	GlobalSection(ExtensibilityGlobals) = postSolution
		SolutionGuid = {6C3B44B3-D0AD-47AE-931F-BD62FFB1A323}
	EndGlobalSection
EndGlobal
